
Microsoft Visual Studio Solution File, Format Version 12.00
# Visual Studio Version 16
VisualStudioVersion = 16.0.30711.63
MinimumVisualStudioVersion = 10.0.40219.1
Project("{9A19103F-16F7-4668-BE54-9A1E7A4F7556}") = "BookStore.Domain", "src\BookStore.Domain\BookStore.Domain.csproj", "{0A1F257D-BC8C-457D-AD40-B8FF6CEAB9C7}"
EndProject
Project("{9A19103F-16F7-4668-BE54-9A1E7A4F7556}") = "BookStore.Infrastructure", "src\BookStore.Infrastructure\BookStore.Infrastructure.csproj", "{227B2162-28DD-4B0F-A03B-5C7ED462B7AF}"
EndProject
Project("{2150E333-8FDC-42A3-9474-1A3956D46DE8}") = "tests", "tests", "{A8570D07-6E57-4609-A7C6-ED8C23CDC83B}"
EndProject
Project("{FAE04EC0-301F-11D3-BF4B-00C04F79EFBC}") = "BookStore.API", "src\BookStore.API\BookStore.API.csproj", "{52EE7D75-6E9C-46A1-9DD1-9F430D8F3808}"
EndProject
Global
	GlobalSection(SolutionConfigurationPlatforms) = preSolution
		Debug|Any CPU = Debug|Any CPU
		Release|Any CPU = Release|Any CPU
	EndGlobalSection
	GlobalSection(ProjectConfigurationPlatforms) = postSolution
		{0A1F257D-BC8C-457D-AD40-B8FF6CEAB9C7}.Debug|Any CPU.ActiveCfg = Debug|Any CPU
		{0A1F257D-BC8C-457D-AD40-B8FF6CEAB9C7}.Debug|Any CPU.Build.0 = Debug|Any CPU
		{0A1F257D-BC8C-457D-AD40-B8FF6CEAB9C7}.Release|Any CPU.ActiveCfg = Release|Any CPU
		{0A1F257D-BC8C-457D-AD40-B8FF6CEAB9C7}.Release|Any CPU.Build.0 = Release|Any CPU
		{227B2162-28DD-4B0F-A03B-5C7ED462B7AF}.Debug|Any CPU.ActiveCfg = Debug|Any CPU
		{227B2162-28DD-4B0F-A03B-5C7ED462B7AF}.Debug|Any CPU.Build.0 = Debug|Any CPU
		{227B2162-28DD-4B0F-A03B-5C7ED462B7AF}.Release|Any CPU.ActiveCfg = Release|Any CPU
		{227B2162-28DD-4B0F-A03B-5C7ED462B7AF}.Release|Any CPU.Build.0 = Release|Any CPU
		{52EE7D75-6E9C-46A1-9DD1-9F430D8F3808}.Debug|Any CPU.ActiveCfg = Debug|Any CPU
		{52EE7D75-6E9C-46A1-9DD1-9F430D8F3808}.Debug|Any CPU.Build.0 = Debug|Any CPU
		{52EE7D75-6E9C-46A1-9DD1-9F430D8F3808}.Release|Any CPU.ActiveCfg = Release|Any CPU
		{52EE7D75-6E9C-46A1-9DD1-9F430D8F3808}.Release|Any CPU.Build.0 = Release|Any CPU
	EndGlobalSection
	GlobalSection(SolutionProperties) = preSolution
		HideSolutionNode = FALSE
	EndGlobalSection
	GlobalSection(ExtensibilityGlobals) = postSolution
		SolutionGuid = {1DD0FC38-CE2B-46EB-9846-38F49A278F32}
	EndGlobalSection
EndGlobal
