
Microsoft Visual Studio Solution File, Format Version 12.00
# Visual Studio Version 16
VisualStudioVersion = 16.0.30711.63
MinimumVisualStudioVersion = 10.0.40219.1
Project("{F2A71F9B-5D33-465A-A702-920D77279786}") = "BookStore.API", "src\BookStore.API\BookStore.API.fsproj", "{0FC90A46-1E13-4C18-A150-3021BD1E9890}"
EndProject
Project("{FAE04EC0-301F-11D3-BF4B-00C04F79EFBC}") = "BookStore.Domain", "src\BookStore.Domain\BookStore.Domain.csproj", "{0A1F257D-BC8C-457D-AD40-B8FF6CEAB9C7}"
EndProject
Project("{FAE04EC0-301F-11D3-BF4B-00C04F79EFBC}") = "BookStore.Infrastructure", "src\BookStore.Infrastructure\BookStore.Infrastructure.csproj", "{227B2162-28DD-4B0F-A03B-5C7ED462B7AF}"
EndProject
Global
	GlobalSection(SolutionConfigurationPlatforms) = preSolution
		Debug|Any CPU = Debug|Any CPU
		Release|Any CPU = Release|Any CPU
	EndGlobalSection
	GlobalSection(ProjectConfigurationPlatforms) = postSolution
		{0FC90A46-1E13-4C18-A150-3021BD1E9890}.Debug|Any CPU.ActiveCfg = Debug|Any CPU
		{0FC90A46-1E13-4C18-A150-3021BD1E9890}.Debug|Any CPU.Build.0 = Debug|Any CPU
		{0FC90A46-1E13-4C18-A150-3021BD1E9890}.Release|Any CPU.ActiveCfg = Release|Any CPU
		{0FC90A46-1E13-4C18-A150-3021BD1E9890}.Release|Any CPU.Build.0 = Release|Any CPU
		{0A1F257D-BC8C-457D-AD40-B8FF6CEAB9C7}.Debug|Any CPU.ActiveCfg = Debug|Any CPU
		{0A1F257D-BC8C-457D-AD40-B8FF6CEAB9C7}.Debug|Any CPU.Build.0 = Debug|Any CPU
		{0A1F257D-BC8C-457D-AD40-B8FF6CEAB9C7}.Release|Any CPU.ActiveCfg = Release|Any CPU
		{0A1F257D-BC8C-457D-AD40-B8FF6CEAB9C7}.Release|Any CPU.Build.0 = Release|Any CPU
		{227B2162-28DD-4B0F-A03B-5C7ED462B7AF}.Debug|Any CPU.ActiveCfg = Debug|Any CPU
		{227B2162-28DD-4B0F-A03B-5C7ED462B7AF}.Debug|Any CPU.Build.0 = Debug|Any CPU
		{227B2162-28DD-4B0F-A03B-5C7ED462B7AF}.Release|Any CPU.ActiveCfg = Release|Any CPU
		{227B2162-28DD-4B0F-A03B-5C7ED462B7AF}.Release|Any CPU.Build.0 = Release|Any CPU
	EndGlobalSection
	GlobalSection(SolutionProperties) = preSolution
		HideSolutionNode = FALSE
	EndGlobalSection
	GlobalSection(ExtensibilityGlobals) = postSolution
		SolutionGuid = {1DD0FC38-CE2B-46EB-9846-38F49A278F32}
	EndGlobalSection
EndGlobal
